
Microsoft Visual Studio Solution File, Format Version 12.00
# Visual Studio 15
VisualStudioVersion = 15.0.28307.645
MinimumVisualStudioVersion = 10.0.40219.1
Project("{9A19103F-16F7-4668-BE54-9A1E7A4F7556}") = "Forums", "Forums\Forums.csproj", "{8AB7B8D1-E1E0-45A2-8952-42A98BD668F3}"
EndProject
Project("{9A19103F-16F7-4668-BE54-9A1E7A4F7556}") = "Forums.Data", "Forums.Data\Forums.Data.csproj", "{E3AD2F51-BBF4-4E29-8F25-C7E62AA5DBA2}"
EndProject
Project("{FAE04EC0-301F-11D3-BF4B-00C04F79EFBC}") = "Forums.Service", "Forums.Service\Forums.Service.csproj", "{166D7CA1-FE17-409A-9562-3F9C715B0DD7}"
EndProject
Global
	GlobalSection(SolutionConfigurationPlatforms) = preSolution
		Debug|Any CPU = Debug|Any CPU
		Release|Any CPU = Release|Any CPU
	EndGlobalSection
	GlobalSection(ProjectConfigurationPlatforms) = postSolution
		{8AB7B8D1-E1E0-45A2-8952-42A98BD668F3}.Debug|Any CPU.ActiveCfg = Debug|Any CPU
		{8AB7B8D1-E1E0-45A2-8952-42A98BD668F3}.Debug|Any CPU.Build.0 = Debug|Any CPU
		{8AB7B8D1-E1E0-45A2-8952-42A98BD668F3}.Release|Any CPU.ActiveCfg = Release|Any CPU
		{8AB7B8D1-E1E0-45A2-8952-42A98BD668F3}.Release|Any CPU.Build.0 = Release|Any CPU
		{E3AD2F51-BBF4-4E29-8F25-C7E62AA5DBA2}.Debug|Any CPU.ActiveCfg = Debug|Any CPU
		{E3AD2F51-BBF4-4E29-8F25-C7E62AA5DBA2}.Debug|Any CPU.Build.0 = Debug|Any CPU
		{E3AD2F51-BBF4-4E29-8F25-C7E62AA5DBA2}.Release|Any CPU.ActiveCfg = Release|Any CPU
		{E3AD2F51-BBF4-4E29-8F25-C7E62AA5DBA2}.Release|Any CPU.Build.0 = Release|Any CPU
		{166D7CA1-FE17-409A-9562-3F9C715B0DD7}.Debug|Any CPU.ActiveCfg = Debug|Any CPU
		{166D7CA1-FE17-409A-9562-3F9C715B0DD7}.Debug|Any CPU.Build.0 = Debug|Any CPU
		{166D7CA1-FE17-409A-9562-3F9C715B0DD7}.Release|Any CPU.ActiveCfg = Release|Any CPU
		{166D7CA1-FE17-409A-9562-3F9C715B0DD7}.Release|Any CPU.Build.0 = Release|Any CPU
	EndGlobalSection
	GlobalSection(SolutionProperties) = preSolution
		HideSolutionNode = FALSE
	EndGlobalSection
	GlobalSection(ExtensibilityGlobals) = postSolution
		SolutionGuid = {CDDE9169-9F8B-42E3-B52D-2F35EAD2B85A}
	EndGlobalSection
EndGlobal
